version = 1
requires-python = ">=3.10"

[[package]]
name = "alembic"
version = "1.2.1"
source = { registry = "https://pypi.org/simple" }
dependencies = [
    { name = "mako" },
    { name = "python-dateutil" },
    { name = "python-editor" },
    { name = "sqlalchemy" },
]
sdist = { url = "https://files.pythonhosted.org/packages/6f/42/48447bf41287bc577e4f340e7c28578e322567f5622a915bdfa01c83dc76/alembic-1.2.1.tar.gz", hash = "sha256:9f907d7e8b286a1cfb22db9084f9ce4fde7ad7956bb496dc7c952e10ac90e36a", size = 1053595 }

[[package]]
name = "async-timeout"
version = "5.0.1"
source = { registry = "https://pypi.org/simple" }
sdist = { url = "https://files.pythonhosted.org/packages/a5/ae/136395dfbfe00dfc94da3f3e136d0b13f394cba8f4841120e34226265780/async_timeout-5.0.1.tar.gz", hash = "sha256:d9321a7a3d5a6a5e187e824d2fa0793ce379a202935782d555d6e9d2735677d3", size = 9274 }
wheels = [
    { url = "https://files.pythonhosted.org/packages/fe/ba/e2081de779ca30d473f21f5b30e0e737c438205440784c7dfc81efc2b029/async_timeout-5.0.1-py3-none-any.whl", hash = "sha256:39e3809566ff85354557ec2398b55e096c8364bacac9405a7a1fa429e77fe76c", size = 6233 },
]

[[package]]
name = "audino"
version = "0.1.0"
source = { virtual = "." }
dependencies = [
    { name = "alembic" },
    { name = "flask" },
    { name = "flask-cors" },
    { name = "flask-jwt-extended" },
    { name = "flask-login" },
    { name = "flask-migrate" },
    { name = "flask-redis" },
    { name = "flask-sqlalchemy" },
    { name = "flask-wtf" },
    { name = "itsdangerous" },
    { name = "jinja2" },
    { name = "mako" },
    { name = "markupsafe" },
    { name = "pymysql" },
    { name = "python-dateutil" },
    { name = "python-dotenv" },
    { name = "python-editor" },
    { name = "six" },
    { name = "sqlalchemy" },
    { name = "uwsgi" },
    { name = "werkzeug" },
    { name = "wtforms" },
]

[package.metadata]
requires-dist = [
    { name = "alembic", specifier = "==1.2.1" },
    { name = "flask", specifier = "==1.1.1" },
    { name = "flask-cors", specifier = ">=5.0.0" },
    { name = "flask-jwt-extended", specifier = "==3.25" },
    { name = "flask-login", specifier = "==0.4.1" },
    { name = "flask-migrate", specifier = "==2.5.2" },
    { name = "flask-redis", specifier = "==0.4.0" },
    { name = "flask-sqlalchemy", specifier = "==2.4.1" },
    { name = "flask-wtf", specifier = "==0.14.2" },
    { name = "itsdangerous", specifier = "==1.1.0" },
    { name = "jinja2", specifier = "==2.11.3" },
    { name = "mako", specifier = "==1.1.0" },
    { name = "markupsafe", specifier = "==1.1.1" },
    { name = "pymysql", specifier = "==0.9.3" },
    { name = "python-dateutil", specifier = "==2.8.0" },
    { name = "python-dotenv", specifier = "==0.10.3" },
    { name = "python-editor", specifier = "==1.0.4" },
    { name = "six", specifier = "==1.12.0" },
    { name = "sqlalchemy", specifier = "==1.3.9" },
    { name = "uwsgi", specifier = "==2.0.28" },
    { name = "werkzeug", specifier = "==0.16.0" },
    { name = "wtforms", specifier = "==2.2.1" },
]

[[package]]
name = "click"
version = "8.1.8"
source = { registry = "https://pypi.org/simple" }
dependencies = [
    { name = "colorama", marker = "sys_platform == 'win32'" },
]
sdist = { url = "https://files.pythonhosted.org/packages/b9/2e/0090cbf739cee7d23781ad4b89a9894a41538e4fcf4c31dcdd705b78eb8b/click-8.1.8.tar.gz", hash = "sha256:ed53c9d8990d83c2a27deae68e4ee337473f6330c040a31d4225c9574d16096a", size = 226593 }
wheels = [
    { url = "https://files.pythonhosted.org/packages/7e/d4/7ebdbd03970677812aac39c869717059dbb71a4cfc033ca6e5221787892c/click-8.1.8-py3-none-any.whl", hash = "sha256:63c132bbbed01578a06712a2d1f497bb62d9c1c0d329b7903a866228027263b2", size = 98188 },
]

[[package]]
name = "colorama"
version = "0.4.6"
source = { registry = "https://pypi.org/simple" }
sdist = { url = "https://files.pythonhosted.org/packages/d8/53/6f443c9a4a8358a93a6792e2acffb9d9d5cb0a5cfd8802644b7b1c9a02e4/colorama-0.4.6.tar.gz", hash = "sha256:08695f5cb7ed6e0531a20572697297273c47b8cae5a63ffc6d6ed5c201be6e44", size = 27697 }
wheels = [
    { url = "https://files.pythonhosted.org/packages/d1/d6/3965ed04c63042e047cb6a3e6ed1a63a35087b6a609aa3a15ed8ac56c221/colorama-0.4.6-py2.py3-none-any.whl", hash = "sha256:4f1d9991f5acc0ca119f9d443620b77f9d6b33703e51011c16baf57afb285fc6", size = 25335 },
]

[[package]]
name = "flask"
version = "1.1.1"
source = { registry = "https://pypi.org/simple" }
dependencies = [
    { name = "click" },
    { name = "itsdangerous" },
    { name = "jinja2" },
    { name = "werkzeug" },
]
sdist = { url = "https://files.pythonhosted.org/packages/2e/80/3726a729de758513fd3dbc64e93098eb009c49305a97c6751de55b20b694/Flask-1.1.1.tar.gz", hash = "sha256:13f9f196f330c7c2c5d7a5cf91af894110ca0215ac051b5844701f2bfd934d52", size = 625458 }
wheels = [
    { url = "https://files.pythonhosted.org/packages/9b/93/628509b8d5dc749656a9641f4caf13540e2cdec85276964ff8f43bbb1d3b/Flask-1.1.1-py2.py3-none-any.whl", hash = "sha256:45eb5a6fd193d6cf7e0cf5d8a5b31f83d5faae0293695626f539a823e93b13f6", size = 94457 },
]

[[package]]
name = "flask-cors"
version = "5.0.0"
source = { registry = "https://pypi.org/simple" }
dependencies = [
    { name = "flask" },
]
sdist = { url = "https://files.pythonhosted.org/packages/4f/d0/d9e52b154e603b0faccc0b7c2ad36a764d8755ef4036acbf1582a67fb86b/flask_cors-5.0.0.tar.gz", hash = "sha256:5aadb4b950c4e93745034594d9f3ea6591f734bb3662e16e255ffbf5e89c88ef", size = 30954 }
wheels = [
    { url = "https://files.pythonhosted.org/packages/56/07/1afa0514c876282bebc1c9aee83c6bb98fe6415cf57b88d9b06e7e29bf9c/Flask_Cors-5.0.0-py2.py3-none-any.whl", hash = "sha256:b9e307d082a9261c100d8fb0ba909eec6a228ed1b60a8315fd85f783d61910bc", size = 14463 },
]

[[package]]
name = "flask-jwt-extended"
version = "3.25.0"
source = { registry = "https://pypi.org/simple" }
dependencies = [
    { name = "flask" },
    { name = "pyjwt" },
    { name = "six" },
    { name = "werkzeug" },
]
sdist = { url = "https://files.pythonhosted.org/packages/1e/2d/95770fa9a11ec3842d29599113657d58649c8cc7f7ff66bb997739fa9e6f/Flask-JWT-Extended-3.25.0.tar.gz", hash = "sha256:b2e4dba91661e4697b30269106386c2b29e416a00d9ff66b26c462edddc10078", size = 31295 }

[[package]]
name = "flask-login"
version = "0.4.1"
source = { registry = "https://pypi.org/simple" }
dependencies = [
    { name = "flask" },
]
sdist = { url = "https://files.pythonhosted.org/packages/c1/ff/bd9a4d2d81bf0c07d9e53e8cd3d675c56553719bbefd372df69bf1b3c1e4/Flask-Login-0.4.1.tar.gz", hash = "sha256:c815c1ac7b3e35e2081685e389a665f2c74d7e077cb93cecabaea352da4752ec", size = 14118 }

[[package]]
name = "flask-migrate"
version = "2.5.2"
source = { registry = "https://pypi.org/simple" }
dependencies = [
    { name = "alembic" },
    { name = "flask" },
    { name = "flask-sqlalchemy" },
]
sdist = { url = "https://files.pythonhosted.org/packages/c5/36/906fd843dcd7996bca42ed5bf8e3d70bac64fd81fc492e099aa739c961db/Flask-Migrate-2.5.2.tar.gz", hash = "sha256:a96ff1875a49a40bd3e8ac04fce73fdb0870b9211e6168608cbafa4eb839d502", size = 12127 }
wheels = [
    { url = "https://files.pythonhosted.org/packages/4b/22/d20a105f13c58fe590ef38ac59d5cabc1a917549ea8f90b0ca7b4e84f6be/Flask_Migrate-2.5.2-py2.py3-none-any.whl", hash = "sha256:6fb038be63d4c60727d5dfa5f581a6189af5b4e2925bc378697b4f0a40cfb4e1", size = 13585 },
]

[[package]]
name = "flask-redis"
version = "0.4.0"
source = { registry = "https://pypi.org/simple" }
dependencies = [
    { name = "flask" },
    { name = "redis" },
]
sdist = { url = "https://files.pythonhosted.org/packages/b8/d1/6e5a087e2fd99782451312dd467bbf5f9f64d999de900047dc0854a7d175/flask-redis-0.4.0.tar.gz", hash = "sha256:e1fccc11e7ea35c2a4d68c0b9aa58226a098e45e834d615c7b6c4928b01ddd6c", size = 9906 }
wheels = [
    { url = "https://files.pythonhosted.org/packages/9d/9c/cead8fff1c8da2bd31a83ec476c3364812ee74f3c7c3445d070555f681d1/flask_redis-0.4.0-py2.py3-none-any.whl", hash = "sha256:8d79eef4eb1217095edab603acc52f935b983ae4b7655ee7c82c0dfd87315d17", size = 8550 },
]

[[package]]
name = "flask-sqlalchemy"
version = "2.4.1"
source = { registry = "https://pypi.org/simple" }
dependencies = [
    { name = "flask" },
    { name = "sqlalchemy" },
]
sdist = { url = "https://files.pythonhosted.org/packages/52/7a/35bacbedafdc652d5198b80eb22eacccae0c97a49740a45da828b05cc37b/Flask-SQLAlchemy-2.4.1.tar.gz", hash = "sha256:6974785d913666587949f7c2946f7001e4fa2cb2d19f4e69ead02e4b8f50b33d", size = 128863 }
wheels = [
    { url = "https://files.pythonhosted.org/packages/1e/65/226d95466c75e34e291a76890ed0e27af2e46ab913002847856f11d4d59d/Flask_SQLAlchemy-2.4.1-py2.py3-none-any.whl", hash = "sha256:0078d8663330dc05a74bc72b3b6ddc441b9a744e2f56fe60af1a5bfc81334327", size = 17331 },
]

[[package]]
name = "flask-wtf"
version = "0.14.2"
source = { registry = "https://pypi.org/simple" }
dependencies = [
    { name = "flask" },
    { name = "wtforms" },
]
sdist = { url = "https://files.pythonhosted.org/packages/ba/15/00a9693180f214225a2c0b1bb9077f3b0b21f2e86522cbba22e8ad6e570c/Flask-WTF-0.14.2.tar.gz", hash = "sha256:5d14d55cfd35f613d99ee7cba0fc3fbbe63ba02f544d349158c14ca15561cc36", size = 254903 }
wheels = [
    { url = "https://files.pythonhosted.org/packages/60/3a/58c629472d10539ae5167dc7c1fecfa95dd7d0b7864623931e3776438a24/Flask_WTF-0.14.2-py2.py3-none-any.whl", hash = "sha256:d9a9e366b32dcbb98ef17228e76be15702cd2600675668bca23f63a7947fd5ac", size = 14903 },
]

[[package]]
name = "itsdangerous"
version = "1.1.0"
source = { registry = "https://pypi.org/simple" }
sdist = { url = "https://files.pythonhosted.org/packages/68/1a/f27de07a8a304ad5fa817bbe383d1238ac4396da447fa11ed937039fa04b/itsdangerous-1.1.0.tar.gz", hash = "sha256:321b033d07f2a4136d3ec762eac9f16a10ccd60f53c0c91af90217ace7ba1f19", size = 53219 }
wheels = [
    { url = "https://files.pythonhosted.org/packages/76/ae/44b03b253d6fade317f32c24d100b3b35c2239807046a4c953c7b89fa49e/itsdangerous-1.1.0-py2.py3-none-any.whl", hash = "sha256:b12271b2047cb23eeb98c8b5622e2e5c5e9abd9784a153e9d8ef9cb4dd09d749", size = 16743 },
]

[[package]]
name = "jinja2"
version = "2.11.3"
source = { registry = "https://pypi.org/simple" }
dependencies = [
    { name = "markupsafe" },
]
sdist = { url = "https://files.pythonhosted.org/packages/4f/e7/65300e6b32e69768ded990494809106f87da1d436418d5f1367ed3966fd7/Jinja2-2.11.3.tar.gz", hash = "sha256:a6d58433de0ae800347cab1fa3043cebbabe8baa9d29e668f1c768cb87a333c6", size = 257589 }
wheels = [
    { url = "https://files.pythonhosted.org/packages/7e/c2/1eece8c95ddbc9b1aeb64f5783a9e07a286de42191b7204d67b7496ddf35/Jinja2-2.11.3-py2.py3-none-any.whl", hash = "sha256:03e47ad063331dd6a3f04a43eddca8a966a26ba0c5b7207a9a9e4e08f1b29419", size = 125699 },
]

[[package]]
name = "mako"
version = "1.1.0"
source = { registry = "https://pypi.org/simple" }
dependencies = [
    { name = "markupsafe" },
]
sdist = { url = "https://files.pythonhosted.org/packages/b0/3c/8dcd6883d009f7cae0f3157fb53e9afb05a0d3d33b3db1268ec2e6f4a56b/Mako-1.1.0.tar.gz", hash = "sha256:a36919599a9b7dc5d86a7a8988f23a9a3a3d083070023bab23d64f7f1d1e0a4b", size = 463945 }

[[package]]
name = "markupsafe"
version = "1.1.1"
source = { registry = "https://pypi.org/simple" }
sdist = { url = "https://files.pythonhosted.org/packages/b9/2e/64db92e53b86efccfaea71321f597fa2e1b2bd3853d8ce658568f7a13094/MarkupSafe-1.1.1.tar.gz", hash = "sha256:29872e92839765e546828bb7754a68c418d927cd064fd4708fab9fe9c8bb116b", size = 19151 }

[[package]]
name = "pyjwt"
version = "1.7.1"
source = { registry = "https://pypi.org/simple" }
sdist = { url = "https://files.pythonhosted.org/packages/2f/38/ff37a24c0243c5f45f5798bd120c0f873eeed073994133c084e1cf13b95c/PyJWT-1.7.1.tar.gz", hash = "sha256:8d59a976fb773f3e6a39c85636357c4f0e242707394cadadd9814f5cbaa20e96", size = 41979 }
wheels = [
    { url = "https://files.pythonhosted.org/packages/87/8b/6a9f14b5f781697e51259d81657e6048fd31a113229cf346880bb7545565/PyJWT-1.7.1-py2.py3-none-any.whl", hash = "sha256:5c6eca3c2940464d106b99ba83b00c6add741c9becaec087fb7ccdefea71350e", size = 18928 },
]

[[package]]
name = "pymysql"
version = "0.9.3"
source = { registry = "https://pypi.org/simple" }
sdist = { url = "https://files.pythonhosted.org/packages/da/15/23ba6592920e21cb40eb0fe0ea002d2b6177beb1ca8a4c1add5a8f32754d/PyMySQL-0.9.3.tar.gz", hash = "sha256:d8c059dcd81dedb85a9f034d5e22dcb4442c0b201908bede99e306d65ea7c8e7", size = 75293 }
wheels = [
    { url = "https://files.pythonhosted.org/packages/ed/39/15045ae46f2a123019aa968dfcba0396c161c20f855f11dea6796bcaae95/PyMySQL-0.9.3-py2.py3-none-any.whl", hash = "sha256:3943fbbbc1e902f41daf7f9165519f140c4451c179380677e6a848587042561a", size = 47738 },
]

[[package]]
name = "python-dateutil"
version = "2.8.0"
source = { registry = "https://pypi.org/simple" }
dependencies = [
    { name = "six" },
]
sdist = { url = "https://files.pythonhosted.org/packages/ad/99/5b2e99737edeb28c71bcbec5b5dda19d0d9ef3ca3e92e3e925e7c0bb364c/python-dateutil-2.8.0.tar.gz", hash = "sha256:c89805f6f4d64db21ed966fda138f8a5ed7a4fdbc1a8ee329ce1b74e3c74da9e", size = 327134 }
wheels = [
    { url = "https://files.pythonhosted.org/packages/41/17/c62faccbfbd163c7f57f3844689e3a78bae1f403648a6afb1d0866d87fbb/python_dateutil-2.8.0-py2.py3-none-any.whl", hash = "sha256:7e6584c74aeed623791615e26efd690f29817a27c73085b78e4bad02493df2fb", size = 226803 },
]

[[package]]
name = "python-dotenv"
version = "0.10.3"
source = { registry = "https://pypi.org/simple" }
sdist = { url = "https://files.pythonhosted.org/packages/29/72/c3f4a251fd2dfcacddfb2e15e069e8345c0cde38ac0a6da8be5081de35d2/python-dotenv-0.10.3.tar.gz", hash = "sha256:f157d71d5fec9d4bd5f51c82746b6344dffa680ee85217c123f4a0c8117c4544", size = 26781 }
wheels = [
    { url = "https://files.pythonhosted.org/packages/57/c8/5b14d5cffe7bb06bedf9d66c4562bf90330d3d35e7f0266928c370d9dd6d/python_dotenv-0.10.3-py2.py3-none-any.whl", hash = "sha256:debd928b49dbc2bf68040566f55cdb3252458036464806f4094487244e2a4093", size = 16131 },
]

[[package]]
name = "python-editor"
version = "1.0.4"
source = { registry = "https://pypi.org/simple" }
sdist = { url = "https://files.pythonhosted.org/packages/0a/85/78f4a216d28343a67b7397c99825cff336330893f00601443f7c7b2f2234/python-editor-1.0.4.tar.gz", hash = "sha256:51fda6bcc5ddbbb7063b2af7509e43bd84bfc32a4ff71349ec7847713882327b", size = 7132 }
wheels = [
    { url = "https://files.pythonhosted.org/packages/c6/d3/201fc3abe391bbae6606e6f1d598c15d367033332bd54352b12f35513717/python_editor-1.0.4-py3-none-any.whl", hash = "sha256:1bf6e860a8ad52a14c3ee1252d5dc25b2030618ed80c022598f00176adc8367d", size = 4877 },
]

[[package]]
name = "redis"
version = "5.2.1"
source = { registry = "https://pypi.org/simple" }
dependencies = [
    { name = "async-timeout", marker = "python_full_version < '3.11.3'" },
]
sdist = { url = "https://files.pythonhosted.org/packages/47/da/d283a37303a995cd36f8b92db85135153dc4f7a8e4441aa827721b442cfb/redis-5.2.1.tar.gz", hash = "sha256:16f2e22dff21d5125e8481515e386711a34cbec50f0e44413dd7d9c060a54e0f", size = 4608355 }
wheels = [
    { url = "https://files.pythonhosted.org/packages/3c/5f/fa26b9b2672cbe30e07d9a5bdf39cf16e3b80b42916757c5f92bca88e4ba/redis-5.2.1-py3-none-any.whl", hash = "sha256:ee7e1056b9aea0f04c6c2ed59452947f34c4940ee025f5dd83e6a6418b6989e4", size = 261502 },
]

[[package]]
name = "six"
version = "1.12.0"
source = { registry = "https://pypi.org/simple" }
sdist = { url = "https://files.pythonhosted.org/packages/dd/bf/4138e7bfb757de47d1f4b6994648ec67a51efe58fa907c1e11e350cddfca/six-1.12.0.tar.gz", hash = "sha256:d16a0141ec1a18405cd4ce8b4613101da75da0e9a7aec5bdd4fa804d0e0eba73", size = 32725 }
wheels = [
    { url = "https://files.pythonhosted.org/packages/73/fb/00a976f728d0d1fecfe898238ce23f502a721c0ac0ecfedb80e0d88c64e9/six-1.12.0-py2.py3-none-any.whl", hash = "sha256:3350809f0555b11f552448330d0b52d5f24c91a322ea4a15ef22629740f3761c", size = 10586 },
]

[[package]]
name = "sqlalchemy"
version = "1.3.9"
source = { registry = "https://pypi.org/simple" }
sdist = { url = "https://files.pythonhosted.org/packages/89/4e/f10fc5063d1048b3813c0caf99f06ec2b73851ae1a939feb85315dacb3fc/SQLAlchemy-1.3.9.tar.gz", hash = "sha256:272a835758908412e75e87f75dd0179a51422715c125ce42109632910526b1fd", size = 5966437 }

[[package]]
name = "uwsgi"
version = "2.0.28"
source = { registry = "https://pypi.org/simple" }
sdist = { url = "https://files.pythonhosted.org/packages/24/c2/d58480aadc9a1f420dd96fc43cf0dcd8cb5ededb95cab53743529c23b6cd/uwsgi-2.0.28.tar.gz", hash = "sha256:79ca1891ef2df14508ab0471ee8c0eb94bd2d51d03f32f90c4bbe557ab1e99d0", size = 816212 }

[[package]]
name = "werkzeug"
version = "0.16.0"
source = { registry = "https://pypi.org/simple" }
sdist = { url = "https://files.pythonhosted.org/packages/5e/fd/eb19e4f6a806cd6ee34900a687f181001c7a0059ff914752091aba84681f/Werkzeug-0.16.0.tar.gz", hash = "sha256:7280924747b5733b246fe23972186c6b348f9ae29724135a6dfc1e53cea433e7", size = 925717 }
wheels = [
    { url = "https://files.pythonhosted.org/packages/ce/42/3aeda98f96e85fd26180534d36570e4d18108d62ae36f87694b476b83d6f/Werkzeug-0.16.0-py2.py3-none-any.whl", hash = "sha256:e5f4a1f98b52b18a93da705a7458e55afb26f32bff83ff5d19189f92462d65c4", size = 327277 },
]

[[package]]
name = "wtforms"
version = "2.2.1"
source = { registry = "https://pypi.org/simple" }
sdist = { url = "https://files.pythonhosted.org/packages/cd/1d/7221354ebfc32b868740d02e44225c2ce00769b0d3dc370e463e2bc4b446/WTForms-2.2.1.tar.gz", hash = "sha256:0cdbac3e7f6878086c334aa25dc5a33869a3954e9d1e015130d65a69309b3b61", size = 156904 }
wheels = [
    { url = "https://files.pythonhosted.org/packages/9f/c8/dac5dce9908df1d9d48ec0e26e2a250839fa36ea2c602cc4f85ccfeb5c65/WTForms-2.2.1-py2.py3-none-any.whl", hash = "sha256:e3ee092c827582c50877cdbd49e9ce6d2c5c1f6561f849b3b068c1b8029626f1", size = 166353 },
]
